
Microsoft Visual Studio Solution File, Format Version 12.00
# Visual Studio Version 17
VisualStudioVersion = 17.5.33516.290
MinimumVisualStudioVersion = 10.0.40219.1
Project("{9A19103F-16F7-4668-BE54-9A1E7A4F7556}") = "MeBrowser", "MeBrowser\MeBrowser.csproj", "{E8F3E185-3C12-49E8-A03F-7FB4AE85DD6C}"
EndProject
Global
	GlobalSection(SolutionConfigurationPlatforms) = preSolution
		Debug|Any CPU = Debug|Any CPU
		Release|Any CPU = Release|Any CPU
	EndGlobalSection
	GlobalSection(ProjectConfigurationPlatforms) = postSolution
		{E8F3E185-3C12-49E8-A03F-7FB4AE85DD6C}.Debug|Any CPU.ActiveCfg = Debug|Any CPU
		{E8F3E185-3C12-49E8-A03F-7FB4AE85DD6C}.Debug|Any CPU.Build.0 = Debug|Any CPU
		{E8F3E185-3C12-49E8-A03F-7FB4AE85DD6C}.Release|Any CPU.ActiveCfg = Release|Any CPU
		{E8F3E185-3C12-49E8-A03F-7FB4AE85DD6C}.Release|Any CPU.Build.0 = Release|Any CPU
	EndGlobalSection
	GlobalSection(SolutionProperties) = preSolution
		HideSolutionNode = FALSE
	EndGlobalSection
	GlobalSection(ExtensibilityGlobals) = postSolution
		SolutionGuid = {0AAB0519-4246-481A-91B7-D0221C1B4AD7}
	EndGlobalSection
EndGlobal
